PODS:
  - QIYU_iOS_SDK_OpenSource (3.5.5):
    - QIYU_iOS_SDK_OpenSource/NIMLib (= 3.5.5)
    - QIYU_iOS_SDK_OpenSource/YSFSDK (= 3.5.5)
    - QIYU_iOS_SDK_OpenSource/YSFSessionViewController (= 3.5.5)
    - QIYU_iOS_SDK_OpenSource/YSFVendor (= 3.5.5)
  - QIYU_iOS_SDK_OpenSource/NIMLib (3.5.5)
  - QIYU_iOS_SDK_OpenSource/YSFSDK (3.5.5)
  - QIYU_iOS_SDK_OpenSource/YSFSessionViewController (3.5.5)
  - QIYU_iOS_SDK_OpenSource/YSFVendor (3.5.5)

DEPENDENCIES:
  - QIYU_iOS_SDK_OpenSource (from `../QIYU_iOS_SDK_OpenSource/`)

EXTERNAL SOURCES:
  QIYU_iOS_SDK_OpenSource:
    :path: ../QIYU_iOS_SDK_OpenSource/

SPEC CHECKSUMS:
  QIYU_iOS_SDK_OpenSource: 10cf3ca84de62bb86b80610da25a76e3b276001b

PODFILE CHECKSUM: 12b5e2f43b50eb03dedf9a84f11d5e1254498b82

COCOAPODS: 1.0.0
